// !$*UTF8*$!
{
	archiveVersion = 1;
	classes = {
	};
	objectVersion = 56;
	objects = {

/* Begin PBXBuildFile section */
		C5150A962B0A5AE100754066 /* professionalxgayApp.swift in Sources */ = {isa = PBXBuildFile; fileRef = C5150A952B0A5AE100754066 /* professionalxgayApp.swift */; };
		C5150A982B0A5AE100754066 /* ContentView.swift in Sources */ = {isa = PBXBuildFile; fileRef = C5150A972B0A5AE100754066 /* ContentView.swift */; };
		C5150A9A2B0A5AE100754066 /* Item.swift in Sources */ = {isa = PBXBuildFile; fileRef = C5150A992B0A5AE100754066 /* Item.swift */; };
		C5150A9C2B0A5AE300754066 /* Assets.xcassets in Resources */ = {isa = PBXBuildFile; fileRef = C5150A9B2B0A5AE300754066 /* Assets.xcassets */; };
		C5150A9F2B0A5AE300754066 /* Preview Assets.xcassets in Resources */ = {isa = PBXBuildFile; fileRef = C5150A9E2B0A5AE300754066 /* Preview Assets.xcassets */; };
		C5150AAB2B0A5AE300754066 /* professionalxgayTests.swift in Sources */ = {isa = PBXBuildFile; fileRef = C5150AAA2B0A5AE300754066 /* professionalxgayTests.swift */; };
		C5150AB52B0A5AE300754066 /* professionalxgayUITests.swift in Sources */ = {isa = PBXBuildFile; fileRef = C5150AB42B0A5AE300754066 /* professionalxgayUITests.swift */; };
		C5150AB72B0A5AE300754066 /* professionalxgayUITestsLaunchTests.swift in Sources */ = {isa = PBXBuildFile; fileRef = C5150AB62B0A5AE300754066 /* professionalxgayUITestsLaunchTests.swift */; };
/* End PBXBuildFile section */

/* Begin PBXContainerItemProxy section */
		C5150AA72B0A5AE300754066 /* PBXContainerItemProxy */ = {
			isa = PBXContainerItemProxy;
			containerPortal = C5150A8A2B0A5AE100754066 /* Project object */;
			proxyType = 1;
			remoteGlobalIDString = C5150A912B0A5AE100754066;
			remoteInfo = professionalxgay;
		};
		C5150AB12B0A5AE300754066 /* PBXContainerItemProxy */ = {
			isa = PBXContainerItemProxy;
			containerPortal = C5150A8A2B0A5AE100754066 /* Project object */;
			proxyType = 1;
			remoteGlobalIDString = C5150A912B0A5AE100754066;
			remoteInfo = professionalxgay;
		};
/* End PBXContainerItemProxy section */

/* Begin PBXFileReference section */
		C5150A922B0A5AE100754066 /* professionalxgay.app */ = {isa = PBXFileReference; explicitFileType = wrapper.application; includeInIndex = 0; path = professionalxgay.app; sourceTree = BUILT_PRODUCTS_DIR; };
		C5150A952B0A5AE100754066 /* professionalxgayApp.swift */ = {isa = PBXFileReference; lastKnownFileType = sourcecode.swift; path = professionalxgayApp.swift; sourceTree = "<group>"; };
		C5150A972B0A5AE100754066 /* ContentView.swift */ = {isa = PBXFileReference; lastKnownFileType = sourcecode.swift; path = ContentView.swift; sourceTree = "<group>"; };
		C5150A992B0A5AE100754066 /* Item.swift */ = {isa = PBXFileReference; lastKnownFileType = sourcecode.swift; path = Item.swift; sourceTree = "<group>"; };
		C5150A9B2B0A5AE300754066 /* Assets.xcassets */ = {isa = PBXFileReference; lastKnownFileType = folder.assetcatalog; path = Assets.xcassets; sourceTree = "<group>"; };
		C5150A9E2B0A5AE300754066 /* Preview Assets.xcassets */ = {isa = PBXFileReference; lastKnownFileType = folder.assetcatalog; path = "Preview Assets.xcassets"; sourceTree = "<group>"; };
		C5150AA02B0A5AE300754066 /* professionalxgay.entitlements */ = {isa = PBXFileReference; lastKnownFileType = text.plist.entitlements; path = professionalxgay.entitlements; sourceTree = "<group>"; };
		C5150AA12B0A5AE300754066 /* Info.plist */ = {isa = PBXFileReference; lastKnownFileType = text.plist.xml; path = Info.plist; sourceTree = "<group>"; };
		C5150AA62B0A5AE300754066 /* professionalxgayTests.xctest */ = {isa = PBXFileReference; explicitFileType = wrapper.cfbundle; includeInIndex = 0; path = professionalxgayTests.xctest; sourceTree = BUILT_PRODUCTS_DIR; };
		C5150AAA2B0A5AE300754066 /* professionalxgayTests.swift */ = {isa = PBXFileReference; lastKnownFileType = sourcecode.swift; path = professionalxgayTests.swift; sourceTree = "<group>"; };
		C5150AB02B0A5AE300754066 /* professionalxgayUITests.xctest */ = {isa = PBXFileReference; explicitFileType = wrapper.cfbundle; includeInIndex = 0; path = professionalxgayUITests.xctest; sourceTree = BUILT_PRODUCTS_DIR; };
		C5150AB42B0A5AE300754066 /* professionalxgayUITests.swift */ = {isa = PBXFileReference; lastKnownFileType = sourcecode.swift; path = professionalxgayUITests.swift; sourceTree = "<group>"; };
		C5150AB62B0A5AE300754066 /* professionalxgayUITestsLaunchTests.swift */ = {isa = PBXFileReference; lastKnownFileType = sourcecode.swift; path = professionalxgayUITestsLaunchTests.swift; sourceTree = "<group>"; };
/* End PBXFileReference section */

/* Begin PBXFrameworksBuildPhase section */
		C5150A8F2B0A5AE100754066 /* Frameworks */ = {
			isa = PBXFrameworksBuildPhase;
			buildActionMask = 2147483647;
			files = (
			);
			runOnlyForDeploymentPostprocessing = 0;
		};
		C5150AA32B0A5AE300754066 /* Frameworks */ = {
			isa = PBXFrameworksBuildPhase;
			buildActionMask = 2147483647;
			files = (
			);
			runOnlyForDeploymentPostprocessing = 0;
		};
		C5150AAD2B0A5AE300754066 /* Frameworks */ = {
			isa = PBXFrameworksBuildPhase;
			buildActionMask = 2147483647;
			files = (
			);
			runOnlyForDeploymentPostprocessing = 0;
		};
/* End PBXFrameworksBuildPhase section */

/* Begin PBXGroup section */
		C5150A892B0A5AE100754066 = {
			isa = PBXGroup;
			children = (
				C5150A942B0A5AE100754066 /* professionalxgay */,
				C5150AA92B0A5AE300754066 /* professionalxgayTests */,
				C5150AB32B0A5AE300754066 /* professionalxgayUITests */,
				C5150A932B0A5AE100754066 /* Products */,
			);
			sourceTree = "<group>";
		};
		C5150A932B0A5AE100754066 /* Products */ = {
			isa = PBXGroup;
			children = (
				C5150A922B0A5AE100754066 /* professionalxgay.app */,
				C5150AA62B0A5AE300754066 /* professionalxgayTests.xctest */,
				C5150AB02B0A5AE300754066 /* professionalxgayUITests.xctest */,
			);
			name = Products;
			sourceTree = "<group>";
		};
		C5150A942B0A5AE100754066 /* professionalxgay */ = {
			isa = PBXGroup;
			children = (
				C5150A952B0A5AE100754066 /* professionalxgayApp.swift */,
				C5150A972B0A5AE100754066 /* ContentView.swift */,
				C5150A992B0A5AE100754066 /* Item.swift */,
				C5150A9B2B0A5AE300754066 /* Assets.xcassets */,
				C5150AA02B0A5AE300754066 /* professionalxgay.entitlements */,
				C5150AA12B0A5AE300754066 /* Info.plist */,
				C5150A9D2B0A5AE300754066 /* Preview Content */,
			);
			path = professionalxgay;
			sourceTree = "<group>";
		};
		C5150A9D2B0A5AE300754066 /* Preview Content */ = {
			isa = PBXGroup;
			children = (
				C5150A9E2B0A5AE300754066 /* Preview Assets.xcassets */,
			);
			path = "Preview Content";
			sourceTree = "<group>";
		};
		C5150AA92B0A5AE300754066 /* professionalxgayTests */ = {
			isa = PBXGroup;
			children = (
				C5150AAA2B0A5AE300754066 /* professionalxgayTests.swift */,
			);
			path = professionalxgayTests;
			sourceTree = "<group>";
		};
		C5150AB32B0A5AE300754066 /* professionalxgayUITests */ = {
			isa = PBXGroup;
			children = (
				C5150AB42B0A5AE300754066 /* professionalxgayUITests.swift */,
				C5150AB62B0A5AE300754066 /* professionalxgayUITestsLaunchTests.swift */,
			);
			path = professionalxgayUITests;
			sourceTree = "<group>";
		};
/* End PBXGroup section */

/* Begin PBXNativeTarget section */
		C5150A912B0A5AE100754066 /* professionalxgay */ = {
			isa = PBXNativeTarget;
			buildConfigurationList = C5150ABA2B0A5AE300754066 /* Build configuration list for PBXNativeTarget "professionalxgay" */;
			buildPhases = (
				C5150A8E2B0A5AE100754066 /* Sources */,
				C5150A8F2B0A5AE100754066 /* Frameworks */,
				C5150A902B0A5AE100754066 /* Resources */,
			);
			buildRules = (
			);
			dependencies = (
			);
			name = professionalxgay;
			productName = professionalxgay;
			productReference = C5150A922B0A5AE100754066 /* professionalxgay.app */;
			productType = "com.apple.product-type.application";
		};
		C5150AA52B0A5AE300754066 /* professionalxgayTests */ = {
			isa = PBXNativeTarget;
			buildConfigurationList = C5150ABD2B0A5AE300754066 /* Build configuration list for PBXNativeTarget "professionalxgayTests" */;
			buildPhases = (
				C5150AA22B0A5AE300754066 /* Sources */,
				C5150AA32B0A5AE300754066 /* Frameworks */,
				C5150AA42B0A5AE300754066 /* Resources */,
			);
			buildRules = (
			);
			dependencies = (
				C5150AA82B0A5AE300754066 /* PBXTargetDependency */,
			);
			name = professionalxgayTests;
			productName = professionalxgayTests;
			productReference = C5150AA62B0A5AE300754066 /* professionalxgayTests.xctest */;
			productType = "com.apple.product-type.bundle.unit-test";
		};
		C5150AAF2B0A5AE300754066 /* professionalxgayUITests */ = {
			isa = PBXNativeTarget;
			buildConfigurationList = C5150AC02B0A5AE300754066 /* Build configuration list for PBXNativeTarget "professionalxgayUITests" */;
			buildPhases = (
				C5150AAC2B0A5AE300754066 /* Sources */,
				C5150AAD2B0A5AE300754066 /* Frameworks */,
				C5150AAE2B0A5AE300754066 /* Resources */,
			);
			buildRules = (
			);
			dependencies = (
				C5150AB22B0A5AE300754066 /* PBXTargetDependency */,
			);
			name = professionalxgayUITests;
			productName = professionalxgayUITests;
			productReference = C5150AB02B0A5AE300754066 /* professionalxgayUITests.xctest */;
			productType = "com.apple.product-type.bundle.ui-testing";
		};
/* End PBXNativeTarget section */

/* Begin PBXProject section */
		C5150A8A2B0A5AE100754066 /* Project object */ = {
			isa = PBXProject;
			attributes = {
				BuildIndependentTargetsInParallel = 1;
				LastSwiftUpdateCheck = 1500;
				LastUpgradeCheck = 1500;
				TargetAttributes = {
					C5150A912B0A5AE100754066 = {
						CreatedOnToolsVersion = 15.0.1;
					};
					C5150AA52B0A5AE300754066 = {
						CreatedOnToolsVersion = 15.0.1;
						TestTargetID = C5150A912B0A5AE100754066;
					};
					C5150AAF2B0A5AE300754066 = {
						CreatedOnToolsVersion = 15.0.1;
						TestTargetID = C5150A912B0A5AE100754066;
					};
				};
			};
			buildConfigurationList = C5150A8D2B0A5AE100754066 /* Build configuration list for PBXProject "professionalxgay" */;
			compatibilityVersion = "Xcode 14.0";
			developmentRegion = en;
			hasScannedForEncodings = 0;
			knownRegions = (
				en,
				Base,
			);
			mainGroup = C5150A892B0A5AE100754066;
			productRefGroup = C5150A932B0A5AE100754066 /* Products */;
			projectDirPath = "";
			projectRoot = "";
			targets = (
				C5150A912B0A5AE100754066 /* professionalxgay */,
				C5150AA52B0A5AE300754066 /* professionalxgayTests */,
				C5150AAF2B0A5AE300754066 /* professionalxgayUITests */,
			);
		};
/* End PBXProject section */

/* Begin PBXResourcesBuildPhase section */
		C5150A902B0A5AE100754066 /* Resources */ = {
			isa = PBXResourcesBuildPhase;
			buildActionMask = 2147483647;
			files = (
				C5150A9F2B0A5AE300754066 /* Preview Assets.xcassets in Resources */,
				C5150A9C2B0A5AE300754066 /* Assets.xcassets in Resources */,
			);
			runOnlyForDeploymentPostprocessing = 0;
		};
		C5150AA42B0A5AE300754066 /* Resources */ = {
			isa = PBXResourcesBuildPhase;
			buildActionMask = 2147483647;
			files = (
			);
			runOnlyForDeploymentPostprocessing = 0;
		};
		C5150AAE2B0A5AE300754066 /* Resources */ = {
			isa = PBXResourcesBuildPhase;
			buildActionMask = 2147483647;
			files = (
			);
			runOnlyForDeploymentPostprocessing = 0;
		};
/* End PBXResourcesBuildPhase section */

/* Begin PBXSourcesBuildPhase section */
		C5150A8E2B0A5AE100754066 /* Sources */ = {
			isa = PBXSourcesBuildPhase;
			buildActionMask = 2147483647;
			files = (
				C5150A982B0A5AE100754066 /* ContentView.swift in Sources */,
				C5150A9A2B0A5AE100754066 /* Item.swift in Sources */,
				C5150A962B0A5AE100754066 /* professionalxgayApp.swift in Sources */,
			);
			runOnlyForDeploymentPostprocessing = 0;
		};
		C5150AA22B0A5AE300754066 /* Sources */ = {
			isa = PBXSourcesBuildPhase;
			buildActionMask = 2147483647;
			files = (
				C5150AAB2B0A5AE300754066 /* professionalxgayTests.swift in Sources */,
			);
			runOnlyForDeploymentPostprocessing = 0;
		};
		C5150AAC2B0A5AE300754066 /* Sources */ = {
			isa = PBXSourcesBuildPhase;
			buildActionMask = 2147483647;
			files = (
				C5150AB72B0A5AE300754066 /* professionalxgayUITestsLaunchTests.swift in Sources */,
				C5150AB52B0A5AE300754066 /* professionalxgayUITests.swift in Sources */,
			);
			runOnlyForDeploymentPostprocessing = 0;
		};
/* End PBXSourcesBuildPhase section */

/* Begin PBXTargetDependency section */
		C5150AA82B0A5AE300754066 /* PBXTargetDependency */ = {
			isa = PBXTargetDependency;
			target = C5150A912B0A5AE100754066 /* professionalxgay */;
			targetProxy = C5150AA72B0A5AE300754066 /* PBXContainerItemProxy */;
		};
		C5150AB22B0A5AE300754066 /* PBXTargetDependency */ = {
			isa = PBXTargetDependency;
			target = C5150A912B0A5AE100754066 /* professionalxgay */;
			targetProxy = C5150AB12B0A5AE300754066 /* PBXContainerItemProxy */;
		};
/* End PBXTargetDependency section */

/* Begin XCBuildConfiguration section */
		C5150AB82B0A5AE300754066 /* Debug */ = {
			isa = XCBuildConfiguration;
			buildSettings = {
				ALWAYS_SEARCH_USER_PATHS = NO;
				ASSETCATALOG_COMPILER_GENERATE_SWIFT_ASSET_SYMBOL_EXTENSIONS = YES;
				CLANG_ANALYZER_NONNULL = YES;
				CLANG_ANALYZER_NUMBER_OBJECT_CONVERSION = YES_AGGRESSIVE;
				CLANG_CXX_LANGUAGE_STANDARD = "gnu++20";
				CLANG_ENABLE_MODULES = YES;
				CLANG_ENABLE_OBJC_ARC = YES;
				CLANG_ENABLE_OBJC_WEAK = YES;
				CLANG_WARN_BLOCK_CAPTURE_AUTORELEASING = YES;
				CLANG_WARN_BOOL_CONVERSION = YES;
				CLANG_WARN_COMMA = YES;
				CLANG_WARN_CONSTANT_CONVERSION = YES;
				CLANG_WARN_DEPRECATED_OBJC_IMPLEMENTATIONS = YES;
				CLANG_WARN_DIRECT_OBJC_ISA_USAGE = YES_ERROR;
				CLANG_WARN_DOCUMENTATION_COMMENTS = YES;
				CLANG_WARN_EMPTY_BODY = YES;
				CLANG_WARN_ENUM_CONVERSION = YES;
				CLANG_WARN_INFINITE_RECURSION = YES;
				CLANG_WARN_INT_CONVERSION = YES;
				CLANG_WARN_NON_LITERAL_NULL_CONVERSION = YES;
				CLANG_WARN_OBJC_IMPLICIT_RETAIN_SELF = YES;
				CLANG_WARN_OBJC_LITERAL_CONVERSION = YES;
				CLANG_WARN_OBJC_ROOT_CLASS = YES_ERROR;
				CLANG_WARN_QUOTED_INCLUDE_IN_FRAMEWORK_HEADER = YES;
				CLANG_WARN_RANGE_LOOP_ANALYSIS = YES;
				CLANG_WARN_STRICT_PROTOTYPES = YES;
				CLANG_WARN_SUSPICIOUS_MOVE = YES;
				CLANG_WARN_UNGUARDED_AVAILABILITY = YES_AGGRESSIVE;
				CLANG_WARN_UNREACHABLE_CODE = YES;
				CLANG_WARN__DUPLICATE_METHOD_MATCH = YES;
				COPY_PHASE_STRIP = NO;
				DEBUG_INFORMATION_FORMAT = dwarf;
				ENABLE_STRICT_OBJC_MSGSEND = YES;
				ENABLE_TESTABILITY = YES;
				ENABLE_USER_SCRIPT_SANDBOXING = YES;
				GCC_C_LANGUAGE_STANDARD = gnu17;
				GCC_DYNAMIC_NO_PIC = NO;
				GCC_NO_COMMON_BLOCKS = YES;
				GCC_OPTIMIZATION_LEVEL = 0;
				GCC_PREPROCESSOR_DEFINITIONS = (
					"DEBUG=1",
					"$(inherited)",
				);
				GCC_WARN_64_TO_32_BIT_CONVERSION = YES;
				GCC_WARN_ABOUT_RETURN_TYPE = YES_ERROR;
				GCC_WARN_UNDECLARED_SELECTOR = YES;
				GCC_WARN_UNINITIALIZED_AUTOS = YES_AGGRESSIVE;
				GCC_WARN_UNUSED_FUNCTION = YES;
				GCC_WARN_UNUSED_VARIABLE = YES;
				IPHONEOS_DEPLOYMENT_TARGET = 17.0;
				LOCALIZATION_PREFERS_STRING_CATALOGS = YES;
				MTL_ENABLE_DEBUG_INFO = INCLUDE_SOURCE;
				MTL_FAST_MATH = YES;
				ONLY_ACTIVE_ARCH = YES;
				SDKROOT = iphoneos;
				SWIFT_ACTIVE_COMPILATION_CONDITIONS = "DEBUG $(inherited)";
				SWIFT_OPTIMIZATION_LEVEL = "-Onone";
			};
			name = Debug;
		};
		C5150AB92B0A5AE300754066 /* Release */ = {
			isa = XCBuildConfiguration;
			buildSettings = {
				ALWAYS_SEARCH_USER_PATHS = NO;
				ASSETCATALOG_COMPILER_GENERATE_SWIFT_ASSET_SYMBOL_EXTENSIONS = YES;
				CLANG_ANALYZER_NONNULL = YES;
				CLANG_ANALYZER_NUMBER_OBJECT_CONVERSION = YES_AGGRESSIVE;
				CLANG_CXX_LANGUAGE_STANDARD = "gnu++20";
				CLANG_ENABLE_MODULES = YES;
				CLANG_ENABLE_OBJC_ARC = YES;
				CLANG_ENABLE_OBJC_WEAK = YES;
				CLANG_WARN_BLOCK_CAPTURE_AUTORELEASING = YES;
				CLANG_WARN_BOOL_CONVERSION = YES;
				CLANG_WARN_COMMA = YES;
				CLANG_WARN_CONSTANT_CONVERSION = YES;
				CLANG_WARN_DEPRECATED_OBJC_IMPLEMENTATIONS = YES;
				CLANG_WARN_DIRECT_OBJC_ISA_USAGE = YES_ERROR;
				CLANG_WARN_DOCUMENTATION_COMMENTS = YES;
				CLANG_WARN_EMPTY_BODY = YES;
				CLANG_WARN_ENUM_CONVERSION = YES;
				CLANG_WARN_INFINITE_RECURSION = YES;
				CLANG_WARN_INT_CONVERSION = YES;
				CLANG_WARN_NON_LITERAL_NULL_CONVERSION = YES;
				CLANG_WARN_OBJC_IMPLICIT_RETAIN_SELF = YES;
				CLANG_WARN_OBJC_LITERAL_CONVERSION = YES;
				CLANG_WARN_OBJC_ROOT_CLASS = YES_ERROR;
				CLANG_WARN_QUOTED_INCLUDE_IN_FRAMEWORK_HEADER = YES;
				CLANG_WARN_RANGE_LOOP_ANALYSIS = YES;
				CLANG_WARN_STRICT_PROTOTYPES = YES;
				CLANG_WARN_SUSPICIOUS_MOVE = YES;
				CLANG_WARN_UNGUARDED_AVAILABILITY = YES_AGGRESSIVE;
				CLANG_WARN_UNREACHABLE_CODE = YES;
				CLANG_WARN__DUPLICATE_METHOD_MATCH = YES;
				COPY_PHASE_STRIP = NO;
				DEBUG_INFORMATION_FORMAT = "dwarf-with-dsym";
				ENABLE_NS_ASSERTIONS = NO;
				ENABLE_STRICT_OBJC_MSGSEND = YES;
				ENABLE_USER_SCRIPT_SANDBOXING = YES;
				GCC_C_LANGUAGE_STANDARD = gnu17;
				GCC_NO_COMMON_BLOCKS = YES;
				GCC_WARN_64_TO_32_BIT_CONVERSION = YES;
				GCC_WARN_ABOUT_RETURN_TYPE = YES_ERROR;
				GCC_WARN_UNDECLARED_SELECTOR = YES;
				GCC_WARN_UNINITIALIZED_AUTOS = YES_AGGRESSIVE;
				GCC_WARN_UNUSED_FUNCTION = YES;
				GCC_WARN_UNUSED_VARIABLE = YES;
				IPHONEOS_DEPLOYMENT_TARGET = 17.0;
				LOCALIZATION_PREFERS_STRING_CATALOGS = YES;
				MTL_ENABLE_DEBUG_INFO = NO;
				MTL_FAST_MATH = YES;
				SDKROOT = iphoneos;
				SWIFT_COMPILATION_MODE = wholemodule;
				VALIDATE_PRODUCT = YES;
			};
			name = Release;
		};
		C5150ABB2B0A5AE300754066 /* Debug */ = {
			isa = XCBuildConfiguration;
			buildSettings = {
				ASSETCATALOG_COMPILER_APPICON_NAME = AppIcon;
				ASSETCATALOG_COMPILER_GLOBAL_ACCENT_COLOR_NAME = AccentColor;
				CODE_SIGN_ENTITLEMENTS = professionalxgay/professionalxgay.entitlements;
				CODE_SIGN_STYLE = Automatic;
				CURRENT_PROJECT_VERSION = 1;
				DEVELOPMENT_ASSET_PATHS = "\"professionalxgay/Preview Content\"";
				DEVELOPMENT_TEAM = 6795H78JC4;
				ENABLE_PREVIEWS = YES;
				GENERATE_INFOPLIST_FILE = YES;
				INFOPLIST_FILE = professionalxgay/Info.plist;
				INFOPLIST_KEY_UIApplicationSceneManifest_Generation = YES;
				INFOPLIST_KEY_UIApplicationSupportsIndirectInputEvents = YES;
				INFOPLIST_KEY_UILaunchScreen_Generation = YES;
				INFOPLIST_KEY_UISupportedInterfaceOrientations_iPad = "UIInterfaceOrientationPortrait UIInterfaceOrientationPortraitUpsideDown UIInterfaceOrientationLandscapeLeft UIInterfaceOrientationLandscapeRight";
				INFOPLIST_KEY_UISupportedInterfaceOrientations_iPhone = "UIInterfaceOrientationPortrait UIInterfaceOrientationLandscapeLeft UIInterfaceOrientationLandscapeRight";
				LD_RUNPATH_SEARCH_PATHS = (
					"$(inherited)",
					"@executable_path/Frameworks",
				);
				MARKETING_VERSION = 1.0;
				PRODUCT_BUNDLE_IDENTIFIER = ProfessionalXGAY.com.professionalxgay;
				PRODUCT_NAME = "$(TARGET_NAME)";
				SWIFT_EMIT_LOC_STRINGS = YES;
				SWIFT_VERSION = 5.0;
				TARGETED_DEVICE_FAMILY = "1,2";
			};
			name = Debug;
		};
		C5150ABC2B0A5AE300754066 /* Release */ = {
			isa = XCBuildConfiguration;
			buildSettings = {
				ASSETCATALOG_COMPILER_APPICON_NAME = AppIcon;
				ASSETCATALOG_COMPILER_GLOBAL_ACCENT_COLOR_NAME = AccentColor;
				CODE_SIGN_ENTITLEMENTS = professionalxgay/professionalxgay.entitlements;
				CODE_SIGN_STYLE = Automatic;
				CURRENT_PROJECT_VERSION = 1;
				DEVELOPMENT_ASSET_PATHS = "\"professionalxgay/Preview Content\"";
				DEVELOPMENT_TEAM = 6795H78JC4;
				ENABLE_PREVIEWS = YES;
				GENERATE_INFOPLIST_FILE = YES;
				INFOPLIST_FILE = professionalxgay/Info.plist;
				INFOPLIST_KEY_UIApplicationSceneManifest_Generation = YES;
				INFOPLIST_KEY_UIApplicationSupportsIndirectInputEvents = YES;
				INFOPLIST_KEY_UILaunchScreen_Generation = YES;
				INFOPLIST_KEY_UISupportedInterfaceOrientations_iPad = "UIInterfaceOrientationPortrait UIInterfaceOrientationPortraitUpsideDown UIInterfaceOrientationLandscapeLeft UIInterfaceOrientationLandscapeRight";
				INFOPLIST_KEY_UISupportedInterfaceOrientations_iPhone = "UIInterfaceOrientationPortrait UIInterfaceOrientationLandscapeLeft UIInterfaceOrientationLandscapeRight";
				LD_RUNPATH_SEARCH_PATHS = (
					"$(inherited)",
					"@executable_path/Frameworks",
				);
				MARKETING_VERSION = 1.0;
				PRODUCT_BUNDLE_IDENTIFIER = ProfessionalXGAY.com.professionalxgay;
				PRODUCT_NAME = "$(TARGET_NAME)";
				SWIFT_EMIT_LOC_STRINGS = YES;
				SWIFT_VERSION = 5.0;
				TARGETED_DEVICE_FAMILY = "1,2";
			};
			name = Release;
		};
		C5150ABE2B0A5AE300754066 /* Debug */ = {
			isa = XCBuildConfiguration;
			buildSettings = {
				ALWAYS_EMBED_SWIFT_STANDARD_LIBRARIES = YES;
				BUNDLE_LOADER = "$(TEST_HOST)";
				CODE_SIGN_STYLE = Automatic;
				CURRENT_PROJECT_VERSION = 1;
				DEVELOPMENT_TEAM = 6795H78JC4;
				GENERATE_INFOPLIST_FILE = YES;
				IPHONEOS_DEPLOYMENT_TARGET = 17.0;
				MARKETING_VERSION = 1.0;
				PRODUCT_BUNDLE_IDENTIFIER = ProfessionalXGAY.com.professionalxgayTests;
				PRODUCT_NAME = "$(TARGET_NAME)";
				SWIFT_EMIT_LOC_STRINGS = NO;
				SWIFT_VERSION = 5.0;
				TARGETED_DEVICE_FAMILY = "1,2";
				TEST_HOST = "$(BUILT_PRODUCTS_DIR)/professionalxgay.app/$(BUNDLE_EXECUTABLE_FOLDER_PATH)/professionalxgay";
			};
			name = Debug;
		};
		C5150ABF2B0A5AE300754066 /* Release */ = {
			isa = XCBuildConfiguration;
			buildSettings = {
				ALWAYS_EMBED_SWIFT_STANDARD_LIBRARIES = YES;
				BUNDLE_LOADER = "$(TEST_HOST)";
				CODE_SIGN_STYLE = Automatic;
				CURRENT_PROJECT_VERSION = 1;
				DEVELOPMENT_TEAM = 6795H78JC4;
				GENERATE_INFOPLIST_FILE = YES;
				IPHONEOS_DEPLOYMENT_TARGET = 17.0;
				MARKETING_VERSION = 1.0;
				PRODUCT_BUNDLE_IDENTIFIER = ProfessionalXGAY.com.professionalxgayTests;
				PRODUCT_NAME = "$(TARGET_NAME)";
				SWIFT_EMIT_LOC_STRINGS = NO;
				SWIFT_VERSION = 5.0;
				TARGETED_DEVICE_FAMILY = "1,2";
				TEST_HOST = "$(BUILT_PRODUCTS_DIR)/professionalxgay.app/$(BUNDLE_EXECUTABLE_FOLDER_PATH)/professionalxgay";
			};
			name = Release;
		};
		C5150AC12B0A5AE300754066 /* Debug */ = {
			isa = XCBuildConfiguration;
			buildSettings = {
				ALWAYS_EMBED_SWIFT_STANDARD_LIBRARIES = YES;
				CODE_SIGN_STYLE = Automatic;
				CURRENT_PROJECT_VERSION = 1;
				DEVELOPMENT_TEAM = 6795H78JC4;
				GENERATE_INFOPLIST_FILE = YES;
				MARKETING_VERSION = 1.0;
				PRODUCT_BUNDLE_IDENTIFIER = ProfessionalXGAY.com.professionalxgayUITests;
				PRODUCT_NAME = "$(TARGET_NAME)";
				SWIFT_EMIT_LOC_STRINGS = NO;
				SWIFT_VERSION = 5.0;
				TARGETED_DEVICE_FAMILY = "1,2";
				TEST_TARGET_NAME = professionalxgay;
			};
			name = Debug;
		};
		C5150AC22B0A5AE300754066 /* Release */ = {
			isa = XCBuildConfiguration;
			buildSettings = {
				ALWAYS_EMBED_SWIFT_STANDARD_LIBRARIES = YES;
				CODE_SIGN_STYLE = Automatic;
				CURRENT_PROJECT_VERSION = 1;
				DEVELOPMENT_TEAM = 6795H78JC4;
				GENERATE_INFOPLIST_FILE = YES;
				MARKETING_VERSION = 1.0;
				PRODUCT_BUNDLE_IDENTIFIER = ProfessionalXGAY.com.professionalxgayUITests;
				PRODUCT_NAME = "$(TARGET_NAME)";
				SWIFT_EMIT_LOC_STRINGS = NO;
				SWIFT_VERSION = 5.0;
				TARGETED_DEVICE_FAMILY = "1,2";
				TEST_TARGET_NAME = professionalxgay;
			};
			name = Release;
		};
/* End XCBuildConfiguration section */

/* Begin XCConfigurationList section */
		C5150A8D2B0A5AE100754066 /* Build configuration list for PBXProject "professionalxgay" */ = {
			isa = XCConfigurationList;
			buildConfigurations = (
				C5150AB82B0A5AE300754066 /* Debug */,
				C5150AB92B0A5AE300754066 /* Release */,
			);
			defaultConfigurationIsVisible = 0;
			defaultConfigurationName = Release;
		};
		C5150ABA2B0A5AE300754066 /* Build configuration list for PBXNativeTarget "professionalxgay" */ = {
			isa = XCConfigurationList;
			buildConfigurations = (
				C5150ABB2B0A5AE300754066 /* Debug */,
				C5150ABC2B0A5AE300754066 /* Release */,
			);
			defaultConfigurationIsVisible = 0;
			defaultConfigurationName = Release;
		};
		C5150ABD2B0A5AE300754066 /* Build configuration list for PBXNativeTarget "professionalxgayTests" */ = {
			isa = XCConfigurationList;
			buildConfigurations = (
				C5150ABE2B0A5AE300754066 /* Debug */,
				C5150ABF2B0A5AE300754066 /* Release */,
			);
			defaultConfigurationIsVisible = 0;
			defaultConfigurationName = Release;
		};
		C5150AC02B0A5AE300754066 /* Build configuration list for PBXNativeTarget "professionalxgayUITests" */ = {
			isa = XCConfigurationList;
			buildConfigurations = (
				C5150AC12B0A5AE300754066 /* Debug */,
				C5150AC22B0A5AE300754066 /* Release */,
			);
			defaultConfigurationIsVisible = 0;
			defaultConfigurationName = Release;
		};
/* End XCConfigurationList section */
	};
	rootObject = C5150A8A2B0A5AE100754066 /* Project object */;
}
